// !$*UTF8*$!
{
	archiveVersion = 1;
	classes = {
	};
	objectVersion = 46;
	objects = {

/* Begin PBXBuildFile section */
		2261C44C1D8A9C2B006C4565 /* AppDelegate.swift in Sources */ = {isa = PBXBuildFile; fileRef = 2261C44B1D8A9C2B006C4565 /* AppDelegate.swift */; };
		2261C4511D8A9C2B006C4565 /* Main.storyboard in Resources */ = {isa = PBXBuildFile; fileRef = 2261C44F1D8A9C2B006C4565 /* Main.storyboard */; };
		2261C4531D8A9C2B006C4565 /* Assets.xcassets in Resources */ = {isa = PBXBuildFile; fileRef = 2261C4521D8A9C2B006C4565 /* Assets.xcassets */; };
		2261C4561D8A9C2B006C4565 /* LaunchScreen.storyboard in Resources */ = {isa = PBXBuildFile; fileRef = 2261C4541D8A9C2B006C4565 /* LaunchScreen.storyboard */; };
		2261C45E1D8A9DD1006C4565 /* EmojiCollectionViewController.swift in Sources */ = {isa = PBXBuildFile; fileRef = 2261C45D1D8A9DD1006C4565 /* EmojiCollectionViewController.swift */; };
		2261C4641D8A9F69006C4565 /* EmojiCollectionViewCell.swift in Sources */ = {isa = PBXBuildFile; fileRef = 2261C4631D8A9F69006C4565 /* EmojiCollectionViewCell.swift */; };
		2261C4661D8AAC83006C4565 /* EmojiRating.swift in Sources */ = {isa = PBXBuildFile; fileRef = 2261C4651D8AAC83006C4565 /* EmojiRating.swift */; };
		2261C4691D8AAE82006C4565 /* DataStore.swift in Sources */ = {isa = PBXBuildFile; fileRef = 2261C4681D8AAE82006C4565 /* DataStore.swift */; };
		22D121521D8BE25C00CE5776 /* RatingOverlayView.swift in Sources */ = {isa = PBXBuildFile; fileRef = 22D121511D8BE25C00CE5776 /* RatingOverlayView.swift */; };
/* End PBXBuildFile section */

/* Begin PBXFileReference section */
		2261C4481D8A9C2B006C4565 /* EmojiRater.app */ = {isa = PBXFileReference; explicitFileType = wrapper.application; includeInIndex = 0; path = EmojiRater.app; sourceTree = BUILT_PRODUCTS_DIR; };
		2261C44B1D8A9C2B006C4565 /* AppDelegate.swift */ = {isa = PBXFileReference; lastKnownFileType = sourcecode.swift; path = AppDelegate.swift; sourceTree = "<group>"; };
		2261C4501D8A9C2B006C4565 /* Base */ = {isa = PBXFileReference; lastKnownFileType = file.storyboard; name = Base; path = Base.lproj/Main.storyboard; sourceTree = "<group>"; };
		2261C4521D8A9C2B006C4565 /* Assets.xcassets */ = {isa = PBXFileReference; lastKnownFileType = folder.assetcatalog; path = Assets.xcassets; sourceTree = "<group>"; };
		2261C4551D8A9C2B006C4565 /* Base */ = {isa = PBXFileReference; lastKnownFileType = file.storyboard; name = Base; path = Base.lproj/LaunchScreen.storyboard; sourceTree = "<group>"; };
		2261C4571D8A9C2B006C4565 /* Info.plist */ = {isa = PBXFileReference; lastKnownFileType = text.plist.xml; path = Info.plist; sourceTree = "<group>"; };
		2261C45D1D8A9DD1006C4565 /* EmojiCollectionViewController.swift */ = {isa = PBXFileReference; fileEncoding = 4; lastKnownFileType = sourcecode.swift; path = EmojiCollectionViewController.swift; sourceTree = "<group>"; };
		2261C4631D8A9F69006C4565 /* EmojiCollectionViewCell.swift */ = {isa = PBXFileReference; fileEncoding = 4; lastKnownFileType = sourcecode.swift; path = EmojiCollectionViewCell.swift; sourceTree = "<group>"; };
		2261C4651D8AAC83006C4565 /* EmojiRating.swift */ = {isa = PBXFileReference; fileEncoding = 4; lastKnownFileType = sourcecode.swift; path = EmojiRating.swift; sourceTree = "<group>"; };
		2261C4681D8AAE82006C4565 /* DataStore.swift */ = {isa = PBXFileReference; fileEncoding = 4; lastKnownFileType = sourcecode.swift; path = DataStore.swift; sourceTree = "<group>"; };
		22D121511D8BE25C00CE5776 /* RatingOverlayView.swift */ = {isa = PBXFileReference; fileEncoding = 4; lastKnownFileType = sourcecode.swift; path = RatingOverlayView.swift; sourceTree = "<group>"; };
/* End PBXFileReference section */

/* Begin PBXFrameworksBuildPhase section */
		2261C4451D8A9C2B006C4565 /* Frameworks */ = {
			isa = PBXFrameworksBuildPhase;
			buildActionMask = 2147483647;
			files = (
			);
			runOnlyForDeploymentPostprocessing = 0;
		};
/* End PBXFrameworksBuildPhase section */

/* Begin PBXGroup section */
		2261C43F1D8A9C2B006C4565 = {
			isa = PBXGroup;
			children = (
				2261C44A1D8A9C2B006C4565 /* EmojiRater */,
				2261C4491D8A9C2B006C4565 /* Products */,
			);
			sourceTree = "<group>";
		};
		2261C4491D8A9C2B006C4565 /* Products */ = {
			isa = PBXGroup;
			children = (
				2261C4481D8A9C2B006C4565 /* EmojiRater.app */,
			);
			name = Products;
			sourceTree = "<group>";
		};
		2261C44A1D8A9C2B006C4565 /* EmojiRater */ = {
			isa = PBXGroup;
			children = (
				2261C4601D8A9DE1006C4565 /* Models */,
				2261C4611D8A9DE9006C4565 /* Views */,
				2261C45F1D8A9DDC006C4565 /* Controllers */,
				2261C4621D8A9DF4006C4565 /* Supporting Files */,
			);
			path = EmojiRater;
			sourceTree = "<group>";
		};
		2261C45F1D8A9DDC006C4565 /* Controllers */ = {
			isa = PBXGroup;
			children = (
				2261C45D1D8A9DD1006C4565 /* EmojiCollectionViewController.swift */,
			);
			name = Controllers;
			sourceTree = "<group>";
		};
		2261C4601D8A9DE1006C4565 /* Models */ = {
			isa = PBXGroup;
			children = (
				2261C4651D8AAC83006C4565 /* EmojiRating.swift */,
				2261C4681D8AAE82006C4565 /* DataStore.swift */,
			);
			name = Models;
			sourceTree = "<group>";
		};
		2261C4611D8A9DE9006C4565 /* Views */ = {
			isa = PBXGroup;
			children = (
				2261C44F1D8A9C2B006C4565 /* Main.storyboard */,
				2261C4631D8A9F69006C4565 /* EmojiCollectionViewCell.swift */,
				22D121511D8BE25C00CE5776 /* RatingOverlayView.swift */,
			);
			name = Views;
			sourceTree = "<group>";
		};
		2261C4621D8A9DF4006C4565 /* Supporting Files */ = {
			isa = PBXGroup;
			children = (
				2261C4521D8A9C2B006C4565 /* Assets.xcassets */,
				2261C44B1D8A9C2B006C4565 /* AppDelegate.swift */,
				2261C4541D8A9C2B006C4565 /* LaunchScreen.storyboard */,
				2261C4571D8A9C2B006C4565 /* Info.plist */,
			);
			name = "Supporting Files";
			sourceTree = "<group>";
		};
/* End PBXGroup section */

/* Begin PBXNativeTarget section */
		2261C4471D8A9C2B006C4565 /* EmojiRater */ = {
			isa = PBXNativeTarget;
			buildConfigurationList = 2261C45A1D8A9C2B006C4565 /* Build configuration list for PBXNativeTarget "EmojiRater" */;
			buildPhases = (
				2261C4441D8A9C2B006C4565 /* Sources */,
				2261C4451D8A9C2B006C4565 /* Frameworks */,
				2261C4461D8A9C2B006C4565 /* Resources */,
			);
			buildRules = (
			);
			dependencies = (
			);
			name = EmojiRater;
			productName = EmojiRater;
			productReference = 2261C4481D8A9C2B006C4565 /* EmojiRater.app */;
			productType = "com.apple.product-type.application";
		};
/* End PBXNativeTarget section */

/* Begin PBXProject section */
		2261C4401D8A9C2B006C4565 /* Project object */ = {
			isa = PBXProject;
			attributes = {
				LastSwiftUpdateCheck = 0800;
				LastUpgradeCheck = 0800;
				ORGANIZATIONNAME = Razeware;
				TargetAttributes = {
					2261C4471D8A9C2B006C4565 = {
						CreatedOnToolsVersion = 8.0;
						ProvisioningStyle = Automatic;
					};
				};
			};
			buildConfigurationList = 2261C4431D8A9C2B006C4565 /* Build configuration list for PBXProject "EmojiRater" */;
			compatibilityVersion = "Xcode 3.2";
			developmentRegion = English;
			hasScannedForEncodings = 0;
			knownRegions = (
				en,
				Base,
			);
			mainGroup = 2261C43F1D8A9C2B006C4565;
			productRefGroup = 2261C4491D8A9C2B006C4565 /* Products */;
			projectDirPath = "";
			projectRoot = "";
			targets = (
				2261C4471D8A9C2B006C4565 /* EmojiRater */,
			);
		};
/* End PBXProject section */

/* Begin PBXResourcesBuildPhase section */
		2261C4461D8A9C2B006C4565 /* Resources */ = {
			isa = PBXResourcesBuildPhase;
			buildActionMask = 2147483647;
			files = (
				2261C4561D8A9C2B006C4565 /* LaunchScreen.storyboard in Resources */,
				2261C4531D8A9C2B006C4565 /* Assets.xcassets in Resources */,
				2261C4511D8A9C2B006C4565 /* Main.storyboard in Resources */,
			);
			runOnlyForDeploymentPostprocessing = 0;
		};
/* End PBXResourcesBuildPhase section */

/* Begin PBXSourcesBuildPhase section */
		2261C4441D8A9C2B006C4565 /* Sources */ = {
			isa = PBXSourcesBuildPhase;
			buildActionMask = 2147483647;
			files = (
				22D121521D8BE25C00CE5776 /* RatingOverlayView.swift in Sources */,
				2261C44C1D8A9C2B006C4565 /* AppDelegate.swift in Sources */,
				2261C4661D8AAC83006C4565 /* EmojiRating.swift in Sources */,
				2261C4641D8A9F69006C4565 /* EmojiCollectionViewCell.swift in Sources */,
				2261C4691D8AAE82006C4565 /* DataStore.swift in Sources */,
				2261C45E1D8A9DD1006C4565 /* EmojiCollectionViewController.swift in Sources */,
			);
			runOnlyForDeploymentPostprocessing = 0;
		};
/* End PBXSourcesBuildPhase section */

/* Begin PBXVariantGroup section */
		2261C44F1D8A9C2B006C4565 /* Main.storyboard */ = {
			isa = PBXVariantGroup;
			children = (
				2261C4501D8A9C2B006C4565 /* Base */,
			);
			name = Main.storyboard;
			sourceTree = "<group>";
		};
		2261C4541D8A9C2B006C4565 /* LaunchScreen.storyboard */ = {
			isa = PBXVariantGroup;
			children = (
				2261C4551D8A9C2B006C4565 /* Base */,
			);
			name = LaunchScreen.storyboard;
			sourceTree = "<group>";
		};
/* End PBXVariantGroup section */

/* Begin XCBuildConfiguration section */
		2261C4581D8A9C2B006C4565 /* Debug */ = {
			isa = XCBuildConfiguration;
			buildSettings = {
				ALWAYS_SEARCH_USER_PATHS = NO;
				CLANG_ANALYZER_NONNULL = YES;
				CLANG_CXX_LANGUAGE_STANDARD = "gnu++0x";
				CLANG_CXX_LIBRARY = "libc++";
				CLANG_ENABLE_MODULES = YES;
				CLANG_ENABLE_OBJC_ARC = YES;
				CLANG_WARN_BOOL_CONVERSION = YES;
				CLANG_WARN_CONSTANT_CONVERSION = YES;
				CLANG_WARN_DIRECT_OBJC_ISA_USAGE = YES_ERROR;
				CLANG_WARN_DOCUMENTATION_COMMENTS = YES;
				CLANG_WARN_EMPTY_BODY = YES;
				CLANG_WARN_ENUM_CONVERSION = YES;
				CLANG_WARN_INFINITE_RECURSION = YES;
				CLANG_WARN_INT_CONVERSION = YES;
				CLANG_WARN_OBJC_ROOT_CLASS = YES_ERROR;
				CLANG_WARN_SUSPICIOUS_MOVES = YES;
				CLANG_WARN_UNREACHABLE_CODE = YES;
				CLANG_WARN__DUPLICATE_METHOD_MATCH = YES;
				"CODE_SIGN_IDENTITY[sdk=iphoneos*]" = "iPhone Developer";
				COPY_PHASE_STRIP = NO;
				DEBUG_INFORMATION_FORMAT = dwarf;
				ENABLE_STRICT_OBJC_MSGSEND = YES;
				ENABLE_TESTABILITY = YES;
				GCC_C_LANGUAGE_STANDARD = gnu99;
				GCC_DYNAMIC_NO_PIC = NO;
				GCC_NO_COMMON_BLOCKS = YES;
				GCC_OPTIMIZATION_LEVEL = 0;
				GCC_PREPROCESSOR_DEFINITIONS = (
					"DEBUG=1",
					"$(inherited)",
				);
				GCC_WARN_64_TO_32_BIT_CONVERSION = YES;
				GCC_WARN_ABOUT_RETURN_TYPE = YES_ERROR;
				GCC_WARN_UNDECLARED_SELECTOR = YES;
				GCC_WARN_UNINITIALIZED_AUTOS = YES_AGGRESSIVE;
				GCC_WARN_UNUSED_FUNCTION = YES;
				GCC_WARN_UNUSED_VARIABLE = YES;
				IPHONEOS_DEPLOYMENT_TARGET = 10.0;
				MTL_ENABLE_DEBUG_INFO = YES;
				ONLY_ACTIVE_ARCH = YES;
				SDKROOT = iphoneos;
				SWIFT_ACTIVE_COMPILATION_CONDITIONS = DEBUG;
				SWIFT_OPTIMIZATION_LEVEL = "-Onone";
				TARGETED_DEVICE_FAMILY = "1,2";
			};
			name = Debug;
		};
		2261C4591D8A9C2B006C4565 /* Release */ = {
			isa = XCBuildConfiguration;
			buildSettings = {
				ALWAYS_SEARCH_USER_PATHS = NO;
				CLANG_ANALYZER_NONNULL = YES;
				CLANG_CXX_LANGUAGE_STANDARD = "gnu++0x";
				CLANG_CXX_LIBRARY = "libc++";
				CLANG_ENABLE_MODULES = YES;
				CLANG_ENABLE_OBJC_ARC = YES;
				CLANG_WARN_BOOL_CONVERSION = YES;
				CLANG_WARN_CONSTANT_CONVERSION = YES;
				CLANG_WARN_DIRECT_OBJC_ISA_USAGE = YES_ERROR;
				CLANG_WARN_DOCUMENTATION_COMMENTS = YES;
				CLANG_WARN_EMPTY_BODY = YES;
				CLANG_WARN_ENUM_CONVERSION = YES;
				CLANG_WARN_INFINITE_RECURSION = YES;
				CLANG_WARN_INT_CONVERSION = YES;
				CLANG_WARN_OBJC_ROOT_CLASS = YES_ERROR;
				CLANG_WARN_SUSPICIOUS_MOVES = YES;
				CLANG_WARN_UNREACHABLE_CODE = YES;
				CLANG_WARN__DUPLICATE_METHOD_MATCH = YES;
				"CODE_SIGN_IDENTITY[sdk=iphoneos*]" = "iPhone Developer";
				COPY_PHASE_STRIP = NO;
				DEBUG_INFORMATION_FORMAT = "dwarf-with-dsym";
				ENABLE_NS_ASSERTIONS = NO;
				ENABLE_STRICT_OBJC_MSGSEND = YES;
				GCC_C_LANGUAGE_STANDARD = gnu99;
				GCC_NO_COMMON_BLOCKS = YES;
				GCC_WARN_64_TO_32_BIT_CONVERSION = YES;
				GCC_WARN_ABOUT_RETURN_TYPE = YES_ERROR;
				GCC_WARN_UNDECLARED_SELECTOR = YES;
				GCC_WARN_UNINITIALIZED_AUTOS = YES_AGGRESSIVE;
				GCC_WARN_UNUSED_FUNCTION = YES;
				GCC_WARN_UNUSED_VARIABLE = YES;
				IPHONEOS_DEPLOYMENT_TARGET = 10.0;
				MTL_ENABLE_DEBUG_INFO = NO;
				SDKROOT = iphoneos;
				SWIFT_OPTIMIZATION_LEVEL = "-Owholemodule";
				TARGETED_DEVICE_FAMILY = "1,2";
				VALIDATE_PRODUCT = YES;
			};
			name = Release;
		};
		2261C45B1D8A9C2B006C4565 /* Debug */ = {
			isa = XCBuildConfiguration;
			buildSettings = {
				ASSETCATALOG_COMPILER_APPICON_NAME = AppIcon;
				DEVELOPMENT_TEAM = "";
				INFOPLIST_FILE = EmojiRater/Info.plist;
				LD_RUNPATH_SEARCH_PATHS = "$(inherited) @executable_path/Frameworks";
				PRODUCT_BUNDLE_IDENTIFIER = com.razeware.EmojiRater;
				PRODUCT_NAME = "$(TARGET_NAME)";
				SWIFT_VERSION = 3.0;
			};
			name = Debug;
		};
		2261C45C1D8A9C2B006C4565 /* Release */ = {
			isa = XCBuildConfiguration;
			buildSettings = {
				ASSETCATALOG_COMPILER_APPICON_NAME = AppIcon;
				DEVELOPMENT_TEAM = "";
				INFOPLIST_FILE = EmojiRater/Info.plist;
				LD_RUNPATH_SEARCH_PATHS = "$(inherited) @executable_path/Frameworks";
				PRODUCT_BUNDLE_IDENTIFIER = com.razeware.EmojiRater;
				PRODUCT_NAME = "$(TARGET_NAME)";
				SWIFT_VERSION = 3.0;
			};
			name = Release;
		};
/* End XCBuildConfiguration section */

/* Begin XCConfigurationList section */
		2261C4431D8A9C2B006C4565 /* Build configuration list for PBXProject "EmojiRater" */ = {
			isa = XCConfigurationList;
			buildConfigurations = (
				2261C4581D8A9C2B006C4565 /* Debug */,
				2261C4591D8A9C2B006C4565 /* Release */,
			);
			defaultConfigurationIsVisible = 0;
			defaultConfigurationName = Release;
		};
		2261C45A1D8A9C2B006C4565 /* Build configuration list for PBXNativeTarget "EmojiRater" */ = {
			isa = XCConfigurationList;
			buildConfigurations = (
				2261C45B1D8A9C2B006C4565 /* Debug */,
				2261C45C1D8A9C2B006C4565 /* Release */,
			);
			defaultConfigurationIsVisible = 0;
			defaultConfigurationName = Release;
		};
/* End XCConfigurationList section */
	};
	rootObject = 2261C4401D8A9C2B006C4565 /* Project object */;
}
