// !$*UTF8*$!
{
	archiveVersion = 1;
	classes = {
	};
	objectVersion = 46;
	objects = {

/* Begin PBXBuildFile section */
		79F8F9461D798CBA00E0F549 /* ViewController.swift in Sources */ = {isa = PBXBuildFile; fileRef = 79F8F9451D798CBA00E0F549 /* ViewController.swift */; };
		79F8F94B1D798CBA00E0F549 /* Assets.xcassets in Resources */ = {isa = PBXBuildFile; fileRef = 79F8F94A1D798CBA00E0F549 /* Assets.xcassets */; };
		79F8F94E1D798CBA00E0F549 /* LaunchScreen.storyboard in Resources */ = {isa = PBXBuildFile; fileRef = 79F8F94C1D798CBA00E0F549 /* LaunchScreen.storyboard */; };
		79F8F9591D798CCE00E0F549 /* PotatoTableViewController.swift in Sources */ = {isa = PBXBuildFile; fileRef = 79F8F9551D798CCE00E0F549 /* PotatoTableViewController.swift */; };
		79F8F95A1D798CCE00E0F549 /* Potatoes.txt in Resources */ = {isa = PBXBuildFile; fileRef = 79F8F9561D798CCE00E0F549 /* Potatoes.txt */; };
		79F8F95B1D798CCE00E0F549 /* TaterRater.xcdatamodel in Sources */ = {isa = PBXBuildFile; fileRef = 79F8F9571D798CCE00E0F549 /* TaterRater.xcdatamodel */; };
		79F8F95C1D798CCE00E0F549 /* PotatoViewController.swift in Sources */ = {isa = PBXBuildFile; fileRef = 79F8F9581D798CCE00E0F549 /* PotatoViewController.swift */; };
		79F8F95F1D798DB700E0F549 /* AppDelegate.swift in Sources */ = {isa = PBXBuildFile; fileRef = 79F8F95E1D798DB700E0F549 /* AppDelegate.swift */; };
		79F8F9611D798DD800E0F549 /* Main.storyboard in Resources */ = {isa = PBXBuildFile; fileRef = 79F8F9601D798DD800E0F549 /* Main.storyboard */; };
		79F8F9631D798FD200E0F549 /* PotatoDataStack.swift in Sources */ = {isa = PBXBuildFile; fileRef = 79F8F9621D798FD200E0F549 /* PotatoDataStack.swift */; };
/* End PBXBuildFile section */

/* Begin PBXFileReference section */
		79F8F9401D798CBA00E0F549 /* TaterRater.app */ = {isa = PBXFileReference; explicitFileType = wrapper.application; includeInIndex = 0; path = TaterRater.app; sourceTree = BUILT_PRODUCTS_DIR; };
		79F8F9451D798CBA00E0F549 /* ViewController.swift */ = {isa = PBXFileReference; lastKnownFileType = sourcecode.swift; path = ViewController.swift; sourceTree = "<group>"; };
		79F8F94A1D798CBA00E0F549 /* Assets.xcassets */ = {isa = PBXFileReference; lastKnownFileType = folder.assetcatalog; path = Assets.xcassets; sourceTree = "<group>"; };
		79F8F94D1D798CBA00E0F549 /* Base */ = {isa = PBXFileReference; lastKnownFileType = file.storyboard; name = Base; path = Base.lproj/LaunchScreen.storyboard; sourceTree = "<group>"; };
		79F8F94F1D798CBA00E0F549 /* Info.plist */ = {isa = PBXFileReference; lastKnownFileType = text.plist.xml; path = Info.plist; sourceTree = "<group>"; };
		79F8F9551D798CCE00E0F549 /* PotatoTableViewController.swift */ = {isa = PBXFileReference; fileEncoding = 4; lastKnownFileType = sourcecode.swift; path = PotatoTableViewController.swift; sourceTree = "<group>"; };
		79F8F9561D798CCE00E0F549 /* Potatoes.txt */ = {isa = PBXFileReference; fileEncoding = 4; lastKnownFileType = text; path = Potatoes.txt; sourceTree = "<group>"; };
		79F8F9571D798CCE00E0F549 /* TaterRater.xcdatamodel */ = {isa = PBXFileReference; lastKnownFileType = wrapper.xcdatamodel; path = TaterRater.xcdatamodel; sourceTree = "<group>"; };
		79F8F9581D798CCE00E0F549 /* PotatoViewController.swift */ = {isa = PBXFileReference; fileEncoding = 4; lastKnownFileType = sourcecode.swift; path = PotatoViewController.swift; sourceTree = "<group>"; };
		79F8F95E1D798DB700E0F549 /* AppDelegate.swift */ = {isa = PBXFileReference; fileEncoding = 4; lastKnownFileType = sourcecode.swift; path = AppDelegate.swift; sourceTree = "<group>"; };
		79F8F9601D798DD800E0F549 /* Main.storyboard */ = {isa = PBXFileReference; fileEncoding = 4; lastKnownFileType = file.storyboard; path = Main.storyboard; sourceTree = "<group>"; };
		79F8F9621D798FD200E0F549 /* PotatoDataStack.swift */ = {isa = PBXFileReference; fileEncoding = 4; lastKnownFileType = sourcecode.swift; path = PotatoDataStack.swift; sourceTree = "<group>"; };
/* End PBXFileReference section */

/* Begin PBXFrameworksBuildPhase section */
		79F8F93D1D798CBA00E0F549 /* Frameworks */ = {
			isa = PBXFrameworksBuildPhase;
			buildActionMask = 2147483647;
			files = (
			);
			runOnlyForDeploymentPostprocessing = 0;
		};
/* End PBXFrameworksBuildPhase section */

/* Begin PBXGroup section */
		79F8F9371D798CBA00E0F549 = {
			isa = PBXGroup;
			children = (
				79F8F9421D798CBA00E0F549 /* TaterRater */,
				79F8F9411D798CBA00E0F549 /* Products */,
			);
			sourceTree = "<group>";
		};
		79F8F9411D798CBA00E0F549 /* Products */ = {
			isa = PBXGroup;
			children = (
				79F8F9401D798CBA00E0F549 /* TaterRater.app */,
			);
			name = Products;
			sourceTree = "<group>";
		};
		79F8F9421D798CBA00E0F549 /* TaterRater */ = {
			isa = PBXGroup;
			children = (
				79F8F95E1D798DB700E0F549 /* AppDelegate.swift */,
				79F8F9551D798CCE00E0F549 /* PotatoTableViewController.swift */,
				79F8F9601D798DD800E0F549 /* Main.storyboard */,
				79F8F95D1D798CD700E0F549 /* Model */,
				79F8F9581D798CCE00E0F549 /* PotatoViewController.swift */,
				79F8F9451D798CBA00E0F549 /* ViewController.swift */,
				79F8F94A1D798CBA00E0F549 /* Assets.xcassets */,
				79F8F94C1D798CBA00E0F549 /* LaunchScreen.storyboard */,
				79F8F94F1D798CBA00E0F549 /* Info.plist */,
			);
			path = TaterRater;
			sourceTree = "<group>";
		};
		79F8F95D1D798CD700E0F549 /* Model */ = {
			isa = PBXGroup;
			children = (
				79F8F9561D798CCE00E0F549 /* Potatoes.txt */,
				79F8F9571D798CCE00E0F549 /* TaterRater.xcdatamodel */,
				79F8F9621D798FD200E0F549 /* PotatoDataStack.swift */,
			);
			name = Model;
			sourceTree = "<group>";
		};
/* End PBXGroup section */

/* Begin PBXNativeTarget section */
		79F8F93F1D798CBA00E0F549 /* TaterRater */ = {
			isa = PBXNativeTarget;
			buildConfigurationList = 79F8F9521D798CBA00E0F549 /* Build configuration list for PBXNativeTarget "TaterRater" */;
			buildPhases = (
				79F8F93C1D798CBA00E0F549 /* Sources */,
				79F8F93D1D798CBA00E0F549 /* Frameworks */,
				79F8F93E1D798CBA00E0F549 /* Resources */,
			);
			buildRules = (
			);
			dependencies = (
			);
			name = TaterRater;
			productName = TaterRater;
			productReference = 79F8F9401D798CBA00E0F549 /* TaterRater.app */;
			productType = "com.apple.product-type.application";
		};
/* End PBXNativeTarget section */

/* Begin PBXProject section */
		79F8F9381D798CBA00E0F549 /* Project object */ = {
			isa = PBXProject;
			attributes = {
				LastSwiftUpdateCheck = 0800;
				LastUpgradeCheck = 0800;
				ORGANIZATIONNAME = Razeware;
				TargetAttributes = {
					79F8F93F1D798CBA00E0F549 = {
						CreatedOnToolsVersion = 8.0;
						ProvisioningStyle = Automatic;
					};
				};
			};
			buildConfigurationList = 79F8F93B1D798CBA00E0F549 /* Build configuration list for PBXProject "TaterRater" */;
			compatibilityVersion = "Xcode 3.2";
			developmentRegion = English;
			hasScannedForEncodings = 0;
			knownRegions = (
				en,
				Base,
			);
			mainGroup = 79F8F9371D798CBA00E0F549;
			productRefGroup = 79F8F9411D798CBA00E0F549 /* Products */;
			projectDirPath = "";
			projectRoot = "";
			targets = (
				79F8F93F1D798CBA00E0F549 /* TaterRater */,
			);
		};
/* End PBXProject section */

/* Begin PBXResourcesBuildPhase section */
		79F8F93E1D798CBA00E0F549 /* Resources */ = {
			isa = PBXResourcesBuildPhase;
			buildActionMask = 2147483647;
			files = (
				79F8F94E1D798CBA00E0F549 /* LaunchScreen.storyboard in Resources */,
				79F8F95A1D798CCE00E0F549 /* Potatoes.txt in Resources */,
				79F8F94B1D798CBA00E0F549 /* Assets.xcassets in Resources */,
				79F8F9611D798DD800E0F549 /* Main.storyboard in Resources */,
			);
			runOnlyForDeploymentPostprocessing = 0;
		};
/* End PBXResourcesBuildPhase section */

/* Begin PBXSourcesBuildPhase section */
		79F8F93C1D798CBA00E0F549 /* Sources */ = {
			isa = PBXSourcesBuildPhase;
			buildActionMask = 2147483647;
			files = (
				79F8F95C1D798CCE00E0F549 /* PotatoViewController.swift in Sources */,
				79F8F9631D798FD200E0F549 /* PotatoDataStack.swift in Sources */,
				79F8F95B1D798CCE00E0F549 /* TaterRater.xcdatamodel in Sources */,
				79F8F9591D798CCE00E0F549 /* PotatoTableViewController.swift in Sources */,
				79F8F95F1D798DB700E0F549 /* AppDelegate.swift in Sources */,
				79F8F9461D798CBA00E0F549 /* ViewController.swift in Sources */,
			);
			runOnlyForDeploymentPostprocessing = 0;
		};
/* End PBXSourcesBuildPhase section */

/* Begin PBXVariantGroup section */
		79F8F94C1D798CBA00E0F549 /* LaunchScreen.storyboard */ = {
			isa = PBXVariantGroup;
			children = (
				79F8F94D1D798CBA00E0F549 /* Base */,
			);
			name = LaunchScreen.storyboard;
			sourceTree = "<group>";
		};
/* End PBXVariantGroup section */

/* Begin XCBuildConfiguration section */
		79F8F9501D798CBA00E0F549 /* Debug */ = {
			isa = XCBuildConfiguration;
			buildSettings = {
				ALWAYS_SEARCH_USER_PATHS = NO;
				CLANG_ANALYZER_NONNULL = YES;
				CLANG_CXX_LANGUAGE_STANDARD = "gnu++0x";
				CLANG_CXX_LIBRARY = "libc++";
				CLANG_ENABLE_MODULES = YES;
				CLANG_ENABLE_OBJC_ARC = YES;
				CLANG_WARN_BOOL_CONVERSION = YES;
				CLANG_WARN_CONSTANT_CONVERSION = YES;
				CLANG_WARN_DIRECT_OBJC_ISA_USAGE = YES_ERROR;
				CLANG_WARN_DOCUMENTATION_COMMENTS = YES;
				CLANG_WARN_EMPTY_BODY = YES;
				CLANG_WARN_ENUM_CONVERSION = YES;
				CLANG_WARN_INFINITE_RECURSION = YES;
				CLANG_WARN_INT_CONVERSION = YES;
				CLANG_WARN_OBJC_ROOT_CLASS = YES_ERROR;
				CLANG_WARN_SUSPICIOUS_MOVES = YES;
				CLANG_WARN_UNREACHABLE_CODE = YES;
				CLANG_WARN__DUPLICATE_METHOD_MATCH = YES;
				"CODE_SIGN_IDENTITY[sdk=iphoneos*]" = "iPhone Developer";
				COPY_PHASE_STRIP = NO;
				DEBUG_INFORMATION_FORMAT = dwarf;
				ENABLE_STRICT_OBJC_MSGSEND = YES;
				ENABLE_TESTABILITY = YES;
				GCC_C_LANGUAGE_STANDARD = gnu99;
				GCC_DYNAMIC_NO_PIC = NO;
				GCC_NO_COMMON_BLOCKS = YES;
				GCC_OPTIMIZATION_LEVEL = 0;
				GCC_PREPROCESSOR_DEFINITIONS = (
					"DEBUG=1",
					"$(inherited)",
				);
				GCC_WARN_64_TO_32_BIT_CONVERSION = YES;
				GCC_WARN_ABOUT_RETURN_TYPE = YES_ERROR;
				GCC_WARN_UNDECLARED_SELECTOR = YES;
				GCC_WARN_UNINITIALIZED_AUTOS = YES_AGGRESSIVE;
				GCC_WARN_UNUSED_FUNCTION = YES;
				GCC_WARN_UNUSED_VARIABLE = YES;
				IPHONEOS_DEPLOYMENT_TARGET = 10.0;
				MTL_ENABLE_DEBUG_INFO = YES;
				ONLY_ACTIVE_ARCH = YES;
				SDKROOT = iphoneos;
				SWIFT_ACTIVE_COMPILATION_CONDITIONS = DEBUG;
				SWIFT_OPTIMIZATION_LEVEL = "-Onone";
				TARGETED_DEVICE_FAMILY = "1,2";
			};
			name = Debug;
		};
		79F8F9511D798CBA00E0F549 /* Release */ = {
			isa = XCBuildConfiguration;
			buildSettings = {
				ALWAYS_SEARCH_USER_PATHS = NO;
				CLANG_ANALYZER_NONNULL = YES;
				CLANG_CXX_LANGUAGE_STANDARD = "gnu++0x";
				CLANG_CXX_LIBRARY = "libc++";
				CLANG_ENABLE_MODULES = YES;
				CLANG_ENABLE_OBJC_ARC = YES;
				CLANG_WARN_BOOL_CONVERSION = YES;
				CLANG_WARN_CONSTANT_CONVERSION = YES;
				CLANG_WARN_DIRECT_OBJC_ISA_USAGE = YES_ERROR;
				CLANG_WARN_DOCUMENTATION_COMMENTS = YES;
				CLANG_WARN_EMPTY_BODY = YES;
				CLANG_WARN_ENUM_CONVERSION = YES;
				CLANG_WARN_INFINITE_RECURSION = YES;
				CLANG_WARN_INT_CONVERSION = YES;
				CLANG_WARN_OBJC_ROOT_CLASS = YES_ERROR;
				CLANG_WARN_SUSPICIOUS_MOVES = YES;
				CLANG_WARN_UNREACHABLE_CODE = YES;
				CLANG_WARN__DUPLICATE_METHOD_MATCH = YES;
				"CODE_SIGN_IDENTITY[sdk=iphoneos*]" = "iPhone Developer";
				COPY_PHASE_STRIP = NO;
				DEBUG_INFORMATION_FORMAT = "dwarf-with-dsym";
				ENABLE_NS_ASSERTIONS = NO;
				ENABLE_STRICT_OBJC_MSGSEND = YES;
				GCC_C_LANGUAGE_STANDARD = gnu99;
				GCC_NO_COMMON_BLOCKS = YES;
				GCC_WARN_64_TO_32_BIT_CONVERSION = YES;
				GCC_WARN_ABOUT_RETURN_TYPE = YES_ERROR;
				GCC_WARN_UNDECLARED_SELECTOR = YES;
				GCC_WARN_UNINITIALIZED_AUTOS = YES_AGGRESSIVE;
				GCC_WARN_UNUSED_FUNCTION = YES;
				GCC_WARN_UNUSED_VARIABLE = YES;
				IPHONEOS_DEPLOYMENT_TARGET = 10.0;
				MTL_ENABLE_DEBUG_INFO = NO;
				SDKROOT = iphoneos;
				SWIFT_OPTIMIZATION_LEVEL = "-Owholemodule";
				TARGETED_DEVICE_FAMILY = "1,2";
				VALIDATE_PRODUCT = YES;
			};
			name = Release;
		};
		79F8F9531D798CBA00E0F549 /* Debug */ = {
			isa = XCBuildConfiguration;
			buildSettings = {
				ASSETCATALOG_COMPILER_APPICON_NAME = AppIcon;
				INFOPLIST_FILE = TaterRater/Info.plist;
				LD_RUNPATH_SEARCH_PATHS = "$(inherited) @executable_path/Frameworks";
				PRODUCT_BUNDLE_IDENTIFIER = com.razeware.TaterRater;
				PRODUCT_NAME = "$(TARGET_NAME)";
				SWIFT_VERSION = 3.0;
			};
			name = Debug;
		};
		79F8F9541D798CBA00E0F549 /* Release */ = {
			isa = XCBuildConfiguration;
			buildSettings = {
				ASSETCATALOG_COMPILER_APPICON_NAME = AppIcon;
				INFOPLIST_FILE = TaterRater/Info.plist;
				LD_RUNPATH_SEARCH_PATHS = "$(inherited) @executable_path/Frameworks";
				PRODUCT_BUNDLE_IDENTIFIER = com.razeware.TaterRater;
				PRODUCT_NAME = "$(TARGET_NAME)";
				SWIFT_VERSION = 3.0;
			};
			name = Release;
		};
/* End XCBuildConfiguration section */

/* Begin XCConfigurationList section */
		79F8F93B1D798CBA00E0F549 /* Build configuration list for PBXProject "TaterRater" */ = {
			isa = XCConfigurationList;
			buildConfigurations = (
				79F8F9501D798CBA00E0F549 /* Debug */,
				79F8F9511D798CBA00E0F549 /* Release */,
			);
			defaultConfigurationIsVisible = 0;
			defaultConfigurationName = Release;
		};
		79F8F9521D798CBA00E0F549 /* Build configuration list for PBXNativeTarget "TaterRater" */ = {
			isa = XCConfigurationList;
			buildConfigurations = (
				79F8F9531D798CBA00E0F549 /* Debug */,
				79F8F9541D798CBA00E0F549 /* Release */,
			);
			defaultConfigurationIsVisible = 0;
		};
/* End XCConfigurationList section */
	};
	rootObject = 79F8F9381D798CBA00E0F549 /* Project object */;
}
